
Microsoft Visual Studio Solution File, Format Version 12.00
# Visual Studio Version 17
VisualStudioVersion = 17.6.33829.357
MinimumVisualStudioVersion = 10.0.40219.1
Project("{FAE04EC0-301F-11D3-BF4B-00C04F79EFBC}") = "Lesson8", "Lesson8.csproj", "{F66EC027-BC1F-4EAB-A60A-E67C015D3EAC}"
EndProject
Global
	GlobalSection(SolutionConfigurationPlatforms) = preSolution
		Debug|Any CPU = Debug|Any CPU
		Release|Any CPU = Release|Any CPU
	EndGlobalSection
	GlobalSection(ProjectConfigurationPlatforms) = postSolution
		{F66EC027-BC1F-4EAB-A60A-E67C015D3EAC}.Debug|Any CPU.ActiveCfg = Debug|Any CPU
		{F66EC027-BC1F-4EAB-A60A-E67C015D3EAC}.Debug|Any CPU.Build.0 = Debug|Any CPU
		{F66EC027-BC1F-4EAB-A60A-E67C015D3EAC}.Release|Any CPU.ActiveCfg = Release|Any CPU
		{F66EC027-BC1F-4EAB-A60A-E67C015D3EAC}.Release|Any CPU.Build.0 = Release|Any CPU
	EndGlobalSection
	GlobalSection(SolutionProperties) = preSolution
		HideSolutionNode = FALSE
	EndGlobalSection
	GlobalSection(ExtensibilityGlobals) = postSolution
		SolutionGuid = {17EC0B2D-8793-4B8F-B204-B33B7E3176F4}
	EndGlobalSection
EndGlobal
