
Microsoft Visual Studio Solution File, Format Version 12.00
# Visual Studio Version 17
VisualStudioVersion = 17.6.33829.357
MinimumVisualStudioVersion = 10.0.40219.1
Project("{FAE04EC0-301F-11D3-BF4B-00C04F79EFBC}") = "Lesson18 21.09.2023", "Lesson18 21.09.2023.csproj", "{FF77E6DA-1061-4171-8CDA-102F41D1F1CB}"
EndProject
Global
	GlobalSection(SolutionConfigurationPlatforms) = preSolution
		Debug|Any CPU = Debug|Any CPU
		Release|Any CPU = Release|Any CPU
	EndGlobalSection
	GlobalSection(ProjectConfigurationPlatforms) = postSolution
		{FF77E6DA-1061-4171-8CDA-102F41D1F1CB}.Debug|Any CPU.ActiveCfg = Debug|Any CPU
		{FF77E6DA-1061-4171-8CDA-102F41D1F1CB}.Debug|Any CPU.Build.0 = Debug|Any CPU
		{FF77E6DA-1061-4171-8CDA-102F41D1F1CB}.Release|Any CPU.ActiveCfg = Release|Any CPU
		{FF77E6DA-1061-4171-8CDA-102F41D1F1CB}.Release|Any CPU.Build.0 = Release|Any CPU
	EndGlobalSection
	GlobalSection(SolutionProperties) = preSolution
		HideSolutionNode = FALSE
	EndGlobalSection
	GlobalSection(ExtensibilityGlobals) = postSolution
		SolutionGuid = {B5F7F865-FF32-4E6A-B76F-B9417B3709BF}
	EndGlobalSection
EndGlobal
