
Microsoft Visual Studio Solution File, Format Version 12.00
# Visual Studio Version 17
VisualStudioVersion = 17.6.33829.357
MinimumVisualStudioVersion = 10.0.40219.1
Project("{FAE04EC0-301F-11D3-BF4B-00C04F79EFBC}") = "Lesson19 winform", "Lesson19 winform.csproj", "{CFE967C2-58BE-40E8-AE0A-9D4330BA8B9A}"
EndProject
Global
	GlobalSection(SolutionConfigurationPlatforms) = preSolution
		Debug|Any CPU = Debug|Any CPU
		Release|Any CPU = Release|Any CPU
	EndGlobalSection
	GlobalSection(ProjectConfigurationPlatforms) = postSolution
		{CFE967C2-58BE-40E8-AE0A-9D4330BA8B9A}.Debug|Any CPU.ActiveCfg = Debug|Any CPU
		{CFE967C2-58BE-40E8-AE0A-9D4330BA8B9A}.Debug|Any CPU.Build.0 = Debug|Any CPU
		{CFE967C2-58BE-40E8-AE0A-9D4330BA8B9A}.Release|Any CPU.ActiveCfg = Release|Any CPU
		{CFE967C2-58BE-40E8-AE0A-9D4330BA8B9A}.Release|Any CPU.Build.0 = Release|Any CPU
	EndGlobalSection
	GlobalSection(SolutionProperties) = preSolution
		HideSolutionNode = FALSE
	EndGlobalSection
	GlobalSection(ExtensibilityGlobals) = postSolution
		SolutionGuid = {22146A5B-E513-42AD-BDD6-D70919337330}
	EndGlobalSection
EndGlobal
