
Microsoft Visual Studio Solution File, Format Version 12.00
# Visual Studio Version 17
VisualStudioVersion = 17.6.33829.357
MinimumVisualStudioVersion = 10.0.40219.1
Project("{FAE04EC0-301F-11D3-BF4B-00C04F79EFBC}") = "Lesson16 13.09.2023", "Lesson16 13.09.2023.csproj", "{13739AEE-B39A-4943-B638-DFC6DE41A276}"
EndProject
Global
	GlobalSection(SolutionConfigurationPlatforms) = preSolution
		Debug|Any CPU = Debug|Any CPU
		Release|Any CPU = Release|Any CPU
	EndGlobalSection
	GlobalSection(ProjectConfigurationPlatforms) = postSolution
		{13739AEE-B39A-4943-B638-DFC6DE41A276}.Debug|Any CPU.ActiveCfg = Debug|Any CPU
		{13739AEE-B39A-4943-B638-DFC6DE41A276}.Debug|Any CPU.Build.0 = Debug|Any CPU
		{13739AEE-B39A-4943-B638-DFC6DE41A276}.Release|Any CPU.ActiveCfg = Release|Any CPU
		{13739AEE-B39A-4943-B638-DFC6DE41A276}.Release|Any CPU.Build.0 = Release|Any CPU
	EndGlobalSection
	GlobalSection(SolutionProperties) = preSolution
		HideSolutionNode = FALSE
	EndGlobalSection
	GlobalSection(ExtensibilityGlobals) = postSolution
		SolutionGuid = {614ED193-111C-498A-84EC-36294E36E487}
	EndGlobalSection
EndGlobal
