
Microsoft Visual Studio Solution File, Format Version 12.00
# Visual Studio Version 17
VisualStudioVersion = 17.6.33829.357
MinimumVisualStudioVersion = 10.0.40219.1
Project("{FAE04EC0-301F-11D3-BF4B-00C04F79EFBC}") = "Lesson 9", "Lesson 9.csproj", "{2D2DB0B5-B8F7-4912-9EEC-CA6499449881}"
EndProject
Global
	GlobalSection(SolutionConfigurationPlatforms) = preSolution
		Debug|Any CPU = Debug|Any CPU
		Release|Any CPU = Release|Any CPU
	EndGlobalSection
	GlobalSection(ProjectConfigurationPlatforms) = postSolution
		{2D2DB0B5-B8F7-4912-9EEC-CA6499449881}.Debug|Any CPU.ActiveCfg = Debug|Any CPU
		{2D2DB0B5-B8F7-4912-9EEC-CA6499449881}.Debug|Any CPU.Build.0 = Debug|Any CPU
		{2D2DB0B5-B8F7-4912-9EEC-CA6499449881}.Release|Any CPU.ActiveCfg = Release|Any CPU
		{2D2DB0B5-B8F7-4912-9EEC-CA6499449881}.Release|Any CPU.Build.0 = Release|Any CPU
	EndGlobalSection
	GlobalSection(SolutionProperties) = preSolution
		HideSolutionNode = FALSE
	EndGlobalSection
	GlobalSection(ExtensibilityGlobals) = postSolution
		SolutionGuid = {F1BEB6EA-553A-48C4-BD3B-BFBC4D0A382A}
	EndGlobalSection
EndGlobal
